{
  "requires": true,
  "lockfileVersion": 1,
  "dependencies": {
    "date-and-time": {
      "version": "0.6.3",
      "resolved": "https://registry.npmjs.org/date-and-time/-/date-and-time-0.6.3.tgz",
      "integrity": "sha512-lcWy3AXDRJOD7MplwZMmNSRM//kZtJaLz4n6D1P5z9wEmZGBKhJRBIr1Xs9KNQJmdXPblvgffynYji4iylUTcA=="
    }
  }
}
